// !$*UTF8*$!
{
	archiveVersion = 1;
	classes = {
	};
	objectVersion = 50;
	objects = {

/* Begin PBXFileReference section */
		3B485C1B24C8E4BD00861A10 /* index.html */ = {isa = PBXFileReference; lastKnownFileType = text.html; path = index.html; sourceTree = "<group>"; };
/* End PBXFileReference section */

/* Begin PBXGroup section */
		3B485C1424C8E48600861A10 = {
			isa = PBXGroup;
			children = (
				3B485C1B24C8E4BD00861A10 /* index.html */,
			);
			sourceTree = "<group>";
		};
/* End PBXGroup section */

/* Begin PBXProject section */
		3B485C1524C8E48600861A10 /* Project object */ = {
			isa = PBXProject;
			attributes = {
				LastUpgradeCheck = 1030;
			};
			buildConfigurationList = 3B485C1824C8E48600861A10 /* Build configuration list for PBXProject "HTML" */;
			compatibilityVersion = "Xcode 9.3";
			developmentRegion = en;
			hasScannedForEncodings = 0;
			knownRegions = (
				en,
			);
			mainGroup = 3B485C1424C8E48600861A10;
			projectDirPath = "";
			projectRoot = "";
			targets = (
			);
		};
/* End PBXProject section */

/* Begin XCBuildConfiguration section */
		3B485C1924C8E48600861A10 /* Debug */ = {
			isa = XCBuildConfiguration;
			buildSettings = {
			};
			name = Debug;
		};
		3B485C1A24C8E48600861A10 /* Release */ = {
			isa = XCBuildConfiguration;
			buildSettings = {
			};
			name = Release;
		};
/* End XCBuildConfiguration section */

/* Begin XCConfigurationList section */
		3B485C1824C8E48600861A10 /* Build configuration list for PBXProject "HTML" */ = {
			isa = XCConfigurationList;
			buildConfigurations = (
				3B485C1924C8E48600861A10 /* Debug */,
				3B485C1A24C8E48600861A10 /* Release */,
			);
			defaultConfigurationIsVisible = 0;
			defaultConfigurationName = Release;
		};
/* End XCConfigurationList section */
	};
	rootObject = 3B485C1524C8E48600861A10 /* Project object */;
}
